
Microsoft Visual Studio Solution File, Format Version 12.00
# Visual Studio 14
VisualStudioVersion = 14.0.25420.1
MinimumVisualStudioVersion = 10.0.40219.1
Project("{FAE04EC0-301F-11D3-BF4B-00C04F79EFBC}") = "People.Android", "People\People.Android\People.Android.csproj", "{0378463E-1113-4E53-8DDA-10A5714BC478}"
EndProject
Project("{FAE04EC0-301F-11D3-BF4B-00C04F79EFBC}") = "People", "People\People\People.csproj", "{EEC6F806-46B0-4851-AC49-6585FC411BF9}"
EndProject
Project("{FAE04EC0-301F-11D3-BF4B-00C04F79EFBC}") = "People.iOS", "People\People.iOS\People.iOS.csproj", "{1D7C6D4D-DE21-4260-A60A-C385DC713547}"
EndProject
Global
	GlobalSection(SolutionConfigurationPlatforms) = preSolution
		Ad-Hoc|Any CPU = Ad-Hoc|Any CPU
		Ad-Hoc|iPhone = Ad-Hoc|iPhone
		Ad-Hoc|iPhoneSimulator = Ad-Hoc|iPhoneSimulator
		AppStore|Any CPU = AppStore|Any CPU
		AppStore|iPhone = AppStore|iPhone
		AppStore|iPhoneSimulator = AppStore|iPhoneSimulator
		Debug|Any CPU = Debug|Any CPU
		Debug|iPhone = Debug|iPhone
		Debug|iPhoneSimulator = Debug|iPhoneSimulator
		Release|Any CPU = Release|Any CPU
		Release|iPhone = Release|iPhone
		Release|iPhoneSimulator = Release|iPhoneSimulator
	EndGlobalSection
	GlobalSection(ProjectConfigurationPlatforms) = postSolution
		{0378463E-1113-4E53-8DDA-10A5714BC478}.Ad-Hoc|Any CPU.ActiveCfg = Release|Any CPU
		{0378463E-1113-4E53-8DDA-10A5714BC478}.Ad-Hoc|Any CPU.Build.0 = Release|Any CPU
		{0378463E-1113-4E53-8DDA-10A5714BC478}.Ad-Hoc|Any CPU.Deploy.0 = Release|Any CPU
		{0378463E-1113-4E53-8DDA-10A5714BC478}.Ad-Hoc|iPhone.ActiveCfg = Release|Any CPU
		{0378463E-1113-4E53-8DDA-10A5714BC478}.Ad-Hoc|iPhone.Build.0 = Release|Any CPU
		{0378463E-1113-4E53-8DDA-10A5714BC478}.Ad-Hoc|iPhone.Deploy.0 = Release|Any CPU
		{0378463E-1113-4E53-8DDA-10A5714BC478}.Ad-Hoc|iPhoneSimulator.ActiveCfg = Release|Any CPU
		{0378463E-1113-4E53-8DDA-10A5714BC478}.Ad-Hoc|iPhoneSimulator.Build.0 = Release|Any CPU
		{0378463E-1113-4E53-8DDA-10A5714BC478}.Ad-Hoc|iPhoneSimulator.Deploy.0 = Release|Any CPU
		{0378463E-1113-4E53-8DDA-10A5714BC478}.AppStore|Any CPU.ActiveCfg = Release|Any CPU
		{0378463E-1113-4E53-8DDA-10A5714BC478}.AppStore|Any CPU.Build.0 = Release|Any CPU
		{0378463E-1113-4E53-8DDA-10A5714BC478}.AppStore|Any CPU.Deploy.0 = Release|Any CPU
		{0378463E-1113-4E53-8DDA-10A5714BC478}.AppStore|iPhone.ActiveCfg = Release|Any CPU
		{0378463E-1113-4E53-8DDA-10A5714BC478}.AppStore|iPhone.Build.0 = Release|Any CPU
		{0378463E-1113-4E53-8DDA-10A5714BC478}.AppStore|iPhone.Deploy.0 = Release|Any CPU
		{0378463E-1113-4E53-8DDA-10A5714BC478}.AppStore|iPhoneSimulator.ActiveCfg = Release|Any CPU
		{0378463E-1113-4E53-8DDA-10A5714BC478}.AppStore|iPhoneSimulator.Build.0 = Release|Any CPU
		{0378463E-1113-4E53-8DDA-10A5714BC478}.AppStore|iPhoneSimulator.Deploy.0 = Release|Any CPU
		{0378463E-1113-4E53-8DDA-10A5714BC478}.Debug|Any CPU.ActiveCfg = Debug|Any CPU
		{0378463E-1113-4E53-8DDA-10A5714BC478}.Debug|Any CPU.Build.0 = Debug|Any CPU
		{0378463E-1113-4E53-8DDA-10A5714BC478}.Debug|Any CPU.Deploy.0 = Debug|Any CPU
		{0378463E-1113-4E53-8DDA-10A5714BC478}.Debug|iPhone.ActiveCfg = Debug|Any CPU
		{0378463E-1113-4E53-8DDA-10A5714BC478}.Debug|iPhone.Build.0 = Debug|Any CPU
		{0378463E-1113-4E53-8DDA-10A5714BC478}.Debug|iPhone.Deploy.0 = Debug|Any CPU
		{0378463E-1113-4E53-8DDA-10A5714BC478}.Debug|iPhoneSimulator.ActiveCfg = Debug|Any CPU
		{0378463E-1113-4E53-8DDA-10A5714BC478}.Debug|iPhoneSimulator.Build.0 = Debug|Any CPU
		{0378463E-1113-4E53-8DDA-10A5714BC478}.Debug|iPhoneSimulator.Deploy.0 = Debug|Any CPU
		{0378463E-1113-4E53-8DDA-10A5714BC478}.Release|Any CPU.ActiveCfg = Release|Any CPU
		{0378463E-1113-4E53-8DDA-10A5714BC478}.Release|Any CPU.Build.0 = Release|Any CPU
		{0378463E-1113-4E53-8DDA-10A5714BC478}.Release|Any CPU.Deploy.0 = Release|Any CPU
		{0378463E-1113-4E53-8DDA-10A5714BC478}.Release|iPhone.ActiveCfg = Release|Any CPU
		{0378463E-1113-4E53-8DDA-10A5714BC478}.Release|iPhone.Build.0 = Release|Any CPU
		{0378463E-1113-4E53-8DDA-10A5714BC478}.Release|iPhone.Deploy.0 = Release|Any CPU
		{0378463E-1113-4E53-8DDA-10A5714BC478}.Release|iPhoneSimulator.ActiveCfg = Release|Any CPU
		{0378463E-1113-4E53-8DDA-10A5714BC478}.Release|iPhoneSimulator.Build.0 = Release|Any CPU
		{0378463E-1113-4E53-8DDA-10A5714BC478}.Release|iPhoneSimulator.Deploy.0 = Release|Any CPU
		{EEC6F806-46B0-4851-AC49-6585FC411BF9}.Ad-Hoc|Any CPU.ActiveCfg = Release|Any CPU
		{EEC6F806-46B0-4851-AC49-6585FC411BF9}.Ad-Hoc|Any CPU.Build.0 = Release|Any CPU
		{EEC6F806-46B0-4851-AC49-6585FC411BF9}.Ad-Hoc|Any CPU.Deploy.0 = Release|Any CPU
		{EEC6F806-46B0-4851-AC49-6585FC411BF9}.Ad-Hoc|iPhone.ActiveCfg = Release|Any CPU
		{EEC6F806-46B0-4851-AC49-6585FC411BF9}.Ad-Hoc|iPhone.Build.0 = Release|Any CPU
		{EEC6F806-46B0-4851-AC49-6585FC411BF9}.Ad-Hoc|iPhone.Deploy.0 = Release|Any CPU
		{EEC6F806-46B0-4851-AC49-6585FC411BF9}.Ad-Hoc|iPhoneSimulator.ActiveCfg = Release|Any CPU
		{EEC6F806-46B0-4851-AC49-6585FC411BF9}.Ad-Hoc|iPhoneSimulator.Build.0 = Release|Any CPU
		{EEC6F806-46B0-4851-AC49-6585FC411BF9}.Ad-Hoc|iPhoneSimulator.Deploy.0 = Release|Any CPU
		{EEC6F806-46B0-4851-AC49-6585FC411BF9}.AppStore|Any CPU.ActiveCfg = Release|Any CPU
		{EEC6F806-46B0-4851-AC49-6585FC411BF9}.AppStore|Any CPU.Build.0 = Release|Any CPU
		{EEC6F806-46B0-4851-AC49-6585FC411BF9}.AppStore|Any CPU.Deploy.0 = Release|Any CPU
		{EEC6F806-46B0-4851-AC49-6585FC411BF9}.AppStore|iPhone.ActiveCfg = Release|Any CPU
		{EEC6F806-46B0-4851-AC49-6585FC411BF9}.AppStore|iPhone.Build.0 = Release|Any CPU
		{EEC6F806-46B0-4851-AC49-6585FC411BF9}.AppStore|iPhone.Deploy.0 = Release|Any CPU
		{EEC6F806-46B0-4851-AC49-6585FC411BF9}.AppStore|iPhoneSimulator.ActiveCfg = Release|Any CPU
		{EEC6F806-46B0-4851-AC49-6585FC411BF9}.AppStore|iPhoneSimulator.Build.0 = Release|Any CPU
		{EEC6F806-46B0-4851-AC49-6585FC411BF9}.AppStore|iPhoneSimulator.Deploy.0 = Release|Any CPU
		{EEC6F806-46B0-4851-AC49-6585FC411BF9}.Debug|Any CPU.ActiveCfg = Debug|Any CPU
		{EEC6F806-46B0-4851-AC49-6585FC411BF9}.Debug|Any CPU.Build.0 = Debug|Any CPU
		{EEC6F806-46B0-4851-AC49-6585FC411BF9}.Debug|Any CPU.Deploy.0 = Debug|Any CPU
		{EEC6F806-46B0-4851-AC49-6585FC411BF9}.Debug|iPhone.ActiveCfg = Debug|Any CPU
		{EEC6F806-46B0-4851-AC49-6585FC411BF9}.Debug|iPhone.Build.0 = Debug|Any CPU
		{EEC6F806-46B0-4851-AC49-6585FC411BF9}.Debug|iPhone.Deploy.0 = Debug|Any CPU
		{EEC6F806-46B0-4851-AC49-6585FC411BF9}.Debug|iPhoneSimulator.ActiveCfg = Debug|Any CPU
		{EEC6F806-46B0-4851-AC49-6585FC411BF9}.Debug|iPhoneSimulator.Build.0 = Debug|Any CPU
		{EEC6F806-46B0-4851-AC49-6585FC411BF9}.Debug|iPhoneSimulator.Deploy.0 = Debug|Any CPU
		{EEC6F806-46B0-4851-AC49-6585FC411BF9}.Release|Any CPU.ActiveCfg = Release|Any CPU
		{EEC6F806-46B0-4851-AC49-6585FC411BF9}.Release|Any CPU.Build.0 = Release|Any CPU
		{EEC6F806-46B0-4851-AC49-6585FC411BF9}.Release|Any CPU.Deploy.0 = Release|Any CPU
		{EEC6F806-46B0-4851-AC49-6585FC411BF9}.Release|iPhone.ActiveCfg = Release|Any CPU
		{EEC6F806-46B0-4851-AC49-6585FC411BF9}.Release|iPhone.Build.0 = Release|Any CPU
		{EEC6F806-46B0-4851-AC49-6585FC411BF9}.Release|iPhone.Deploy.0 = Release|Any CPU
		{EEC6F806-46B0-4851-AC49-6585FC411BF9}.Release|iPhoneSimulator.ActiveCfg = Release|Any CPU
		{EEC6F806-46B0-4851-AC49-6585FC411BF9}.Release|iPhoneSimulator.Build.0 = Release|Any CPU
		{EEC6F806-46B0-4851-AC49-6585FC411BF9}.Release|iPhoneSimulator.Deploy.0 = Release|Any CPU
		{1D7C6D4D-DE21-4260-A60A-C385DC713547}.Ad-Hoc|Any CPU.ActiveCfg = Ad-Hoc|iPhone
		{1D7C6D4D-DE21-4260-A60A-C385DC713547}.Ad-Hoc|Any CPU.Build.0 = Ad-Hoc|iPhone
		{1D7C6D4D-DE21-4260-A60A-C385DC713547}.Ad-Hoc|Any CPU.Deploy.0 = Ad-Hoc|iPhone
		{1D7C6D4D-DE21-4260-A60A-C385DC713547}.Ad-Hoc|iPhone.ActiveCfg = Ad-Hoc|iPhone
		{1D7C6D4D-DE21-4260-A60A-C385DC713547}.Ad-Hoc|iPhone.Build.0 = Ad-Hoc|iPhone
		{1D7C6D4D-DE21-4260-A60A-C385DC713547}.Ad-Hoc|iPhone.Deploy.0 = Ad-Hoc|iPhone
		{1D7C6D4D-DE21-4260-A60A-C385DC713547}.Ad-Hoc|iPhoneSimulator.ActiveCfg = Ad-Hoc|iPhoneSimulator
		{1D7C6D4D-DE21-4260-A60A-C385DC713547}.Ad-Hoc|iPhoneSimulator.Build.0 = Ad-Hoc|iPhoneSimulator
		{1D7C6D4D-DE21-4260-A60A-C385DC713547}.Ad-Hoc|iPhoneSimulator.Deploy.0 = Ad-Hoc|iPhoneSimulator
		{1D7C6D4D-DE21-4260-A60A-C385DC713547}.AppStore|Any CPU.ActiveCfg = AppStore|iPhone
		{1D7C6D4D-DE21-4260-A60A-C385DC713547}.AppStore|Any CPU.Build.0 = AppStore|iPhone
		{1D7C6D4D-DE21-4260-A60A-C385DC713547}.AppStore|Any CPU.Deploy.0 = AppStore|iPhone
		{1D7C6D4D-DE21-4260-A60A-C385DC713547}.AppStore|iPhone.ActiveCfg = AppStore|iPhone
		{1D7C6D4D-DE21-4260-A60A-C385DC713547}.AppStore|iPhone.Build.0 = AppStore|iPhone
		{1D7C6D4D-DE21-4260-A60A-C385DC713547}.AppStore|iPhone.Deploy.0 = AppStore|iPhone
		{1D7C6D4D-DE21-4260-A60A-C385DC713547}.AppStore|iPhoneSimulator.ActiveCfg = AppStore|iPhoneSimulator
		{1D7C6D4D-DE21-4260-A60A-C385DC713547}.AppStore|iPhoneSimulator.Build.0 = AppStore|iPhoneSimulator
		{1D7C6D4D-DE21-4260-A60A-C385DC713547}.AppStore|iPhoneSimulator.Deploy.0 = AppStore|iPhoneSimulator
		{1D7C6D4D-DE21-4260-A60A-C385DC713547}.Debug|Any CPU.ActiveCfg = Debug|iPhoneSimulator
		{1D7C6D4D-DE21-4260-A60A-C385DC713547}.Debug|Any CPU.Build.0 = Debug|iPhoneSimulator
		{1D7C6D4D-DE21-4260-A60A-C385DC713547}.Debug|Any CPU.Deploy.0 = Debug|iPhoneSimulator
		{1D7C6D4D-DE21-4260-A60A-C385DC713547}.Debug|iPhone.ActiveCfg = Debug|iPhone
		{1D7C6D4D-DE21-4260-A60A-C385DC713547}.Debug|iPhone.Build.0 = Debug|iPhone
		{1D7C6D4D-DE21-4260-A60A-C385DC713547}.Debug|iPhone.Deploy.0 = Debug|iPhone
		{1D7C6D4D-DE21-4260-A60A-C385DC713547}.Debug|iPhoneSimulator.ActiveCfg = Debug|iPhoneSimulator
		{1D7C6D4D-DE21-4260-A60A-C385DC713547}.Debug|iPhoneSimulator.Build.0 = Debug|iPhoneSimulator
		{1D7C6D4D-DE21-4260-A60A-C385DC713547}.Debug|iPhoneSimulator.Deploy.0 = Debug|iPhoneSimulator
		{1D7C6D4D-DE21-4260-A60A-C385DC713547}.Release|Any CPU.ActiveCfg = Release|iPhone
		{1D7C6D4D-DE21-4260-A60A-C385DC713547}.Release|Any CPU.Build.0 = Release|iPhone
		{1D7C6D4D-DE21-4260-A60A-C385DC713547}.Release|Any CPU.Deploy.0 = Release|iPhone
		{1D7C6D4D-DE21-4260-A60A-C385DC713547}.Release|iPhone.ActiveCfg = Release|iPhone
		{1D7C6D4D-DE21-4260-A60A-C385DC713547}.Release|iPhone.Build.0 = Release|iPhone
		{1D7C6D4D-DE21-4260-A60A-C385DC713547}.Release|iPhone.Deploy.0 = Release|iPhone
		{1D7C6D4D-DE21-4260-A60A-C385DC713547}.Release|iPhoneSimulator.ActiveCfg = Release|iPhoneSimulator
		{1D7C6D4D-DE21-4260-A60A-C385DC713547}.Release|iPhoneSimulator.Build.0 = Release|iPhoneSimulator
		{1D7C6D4D-DE21-4260-A60A-C385DC713547}.Release|iPhoneSimulator.Deploy.0 = Release|iPhoneSimulator
	EndGlobalSection
	GlobalSection(SolutionProperties) = preSolution
		HideSolutionNode = FALSE
	EndGlobalSection
EndGlobal
